{
    "_meta": {
        "hash": {
            "sha256": "232e845d5109762c0dea0ed19a0263fb883d6d691abd87c81f1dc3a847bfab07"
        },
        "pipfile-spec": 6,
        "requires": {
            "python_version": "3.7"
        },
        "sources": [
            {
                "name": "pypi",
                "url": "https://pypi.org/simple",
                "verify_ssl": true
            }
        ]
    },
    "default": {
        "kafka-python": {
            "hashes": [
                "sha256:2014bbbe618f3224e68b07cf9b44c702b28913c551e6f63246bf9b4477ca3add",
                "sha256:99c4ff3b69f6e959307d1184e6ece8276b5e3f52cab0e8919dbd61e79914ec1c"
            ],
            "index": "pypi",
            "version": "==1.4.4"
        },
        "kazoo": {
            "hashes": [
                "sha256:322c0dfa7e3a91ce217d01cb954fe3bffbc9b412c3eec7d5f800412b5145773e",
                "sha256:4a73c2c62a7163ca1c4aef82aa042d795560497cc81034f212ef13cc037cc783"
            ],
            "index": "pypi",
            "version": "==2.6.1"
        },
        "six": {
            "hashes": [
                "sha256:3350809f0555b11f552448330d0b52d5f24c91a322ea4a15ef22629740f3761c",
                "sha256:d16a0141ec1a18405cd4ce8b4613101da75da0e9a7aec5bdd4fa804d0e0eba73"
            ],
            "version": "==1.12.0"
        }
    },
    "develop": {}
}
